
Microsoft Visual Studio Solution File, Format Version 12.00
# Visual Studio 15
VisualStudioVersion = 15.0.26730.3
MinimumVisualStudioVersion = 10.0.40219.1
Project("{FAE04EC0-301F-11D3-BF4B-00C04F79EFBC}") = "Telsoft.Web", "Telsoft.Web\Telsoft.Web.csproj", "{CF647A3A-873F-4840-AAA4-DB4CD6FBF6D8}"
EndProject
Project("{FAE04EC0-301F-11D3-BF4B-00C04F79EFBC}") = "Telsoft.Core", "Telsoft.Core\Telsoft.Core.csproj", "{02805B5F-E39A-4530-A3D1-C89D7EC46331}"
EndProject
Global
	GlobalSection(SolutionConfigurationPlatforms) = preSolution
		Debug|Any CPU = Debug|Any CPU
		Release|Any CPU = Release|Any CPU
	EndGlobalSection
	GlobalSection(ProjectConfigurationPlatforms) = postSolution
		{CF647A3A-873F-4840-AAA4-DB4CD6FBF6D8}.Debug|Any CPU.ActiveCfg = Debug|Any CPU
		{CF647A3A-873F-4840-AAA4-DB4CD6FBF6D8}.Debug|Any CPU.Build.0 = Debug|Any CPU
		{CF647A3A-873F-4840-AAA4-DB4CD6FBF6D8}.Release|Any CPU.ActiveCfg = Release|Any CPU
		{CF647A3A-873F-4840-AAA4-DB4CD6FBF6D8}.Release|Any CPU.Build.0 = Release|Any CPU
		{02805B5F-E39A-4530-A3D1-C89D7EC46331}.Debug|Any CPU.ActiveCfg = Debug|Any CPU
		{02805B5F-E39A-4530-A3D1-C89D7EC46331}.Debug|Any CPU.Build.0 = Debug|Any CPU
		{02805B5F-E39A-4530-A3D1-C89D7EC46331}.Release|Any CPU.ActiveCfg = Release|Any CPU
		{02805B5F-E39A-4530-A3D1-C89D7EC46331}.Release|Any CPU.Build.0 = Release|Any CPU
	EndGlobalSection
	GlobalSection(SolutionProperties) = preSolution
		HideSolutionNode = FALSE
	EndGlobalSection
	GlobalSection(ExtensibilityGlobals) = postSolution
		SolutionGuid = {93A9A52C-9A01-49FC-BCAA-96DE38370D72}
	EndGlobalSection
EndGlobal
